
Microsoft Visual Studio Solution File, Format Version 12.00
# Visual Studio 15
VisualStudioVersion = 15.0.27703.2042
MinimumVisualStudioVersion = 10.0.40219.1
Project("{FAE04EC0-301F-11D3-BF4B-00C04F79EFBC}") = "Patient_Records", "Patient_Records\Patient_Records.csproj", "{9333F115-516B-4638-B281-8A1DC3694834}"
EndProject
Global
	GlobalSection(SolutionConfigurationPlatforms) = preSolution
		Debug|Any CPU = Debug|Any CPU
		Release|Any CPU = Release|Any CPU
	EndGlobalSection
	GlobalSection(ProjectConfigurationPlatforms) = postSolution
		{9333F115-516B-4638-B281-8A1DC3694834}.Debug|Any CPU.ActiveCfg = Debug|Any CPU
		{9333F115-516B-4638-B281-8A1DC3694834}.Debug|Any CPU.Build.0 = Debug|Any CPU
		{9333F115-516B-4638-B281-8A1DC3694834}.Release|Any CPU.ActiveCfg = Release|Any CPU
		{9333F115-516B-4638-B281-8A1DC3694834}.Release|Any CPU.Build.0 = Release|Any CPU
	EndGlobalSection
	GlobalSection(SolutionProperties) = preSolution
		HideSolutionNode = FALSE
	EndGlobalSection
	GlobalSection(ExtensibilityGlobals) = postSolution
		SolutionGuid = {7D3CB129-79D3-4A67-A80C-58A9D13A9441}
	EndGlobalSection
EndGlobal
